{
    "name": "imis-experience-plus",
    "lockfileVersion": 2,
    "requires": true,
    "packages": {
        "": {
            "name": "imis-experience-plus",
            "dependencies": {
                "@types/chrome": "^0.0.243"
            },
            "devDependencies": {
                "@types/jquery": "^3.5.14"
            }
        },
        "node_modules/@types/chrome": {
            "version": "0.0.243",
            "resolved": "https://registry.npmjs.org/@types/chrome/-/chrome-0.0.243.tgz",
            "integrity": "sha512-4PHv0kxxxpZFHWPBiJJ9TWH8kbx0567j1b2djnhpJjpiSGNI7UKkz7dSEECBtQ0B3N5nQTMwSB/5IopkWGAbEA==",
            "dependencies": {
                "@types/filesystem": "*",
                "@types/har-format": "*"
            }
        },
        "node_modules/@types/filesystem": {
            "version": "0.0.32",
            "resolved": "https://registry.npmjs.org/@types/filesystem/-/filesystem-0.0.32.tgz",
            "integrity": "sha512-Yuf4jR5YYMR2DVgwuCiP11s0xuVRyPKmz8vo6HBY3CGdeMj8af93CFZX+T82+VD1+UqHOxTq31lO7MI7lepBtQ==",
            "dependencies": {
                "@types/filewriter": "*"
            }
        },
        "node_modules/@types/filewriter": {
            "version": "0.0.29",
            "resolved": "https://registry.npmjs.org/@types/filewriter/-/filewriter-0.0.29.tgz",
            "integrity": "sha512-BsPXH/irW0ht0Ji6iw/jJaK8Lj3FJemon2gvEqHKpCdDCeemHa+rI3WBGq5z7cDMZgoLjY40oninGxqk+8NzNQ=="
        },
        "node_modules/@types/har-format": {
            "version": "1.2.11",
            "resolved": "https://registry.npmjs.org/@types/har-format/-/har-format-1.2.11.tgz",
            "integrity": "sha512-T232/TneofqK30AD1LRrrf8KnjLvzrjWDp7eWST5KoiSzrBfRsLrWDPk4STQPW4NZG6v2MltnduBVmakbZOBIQ=="
        },
        "node_modules/@types/jquery": {
            "version": "3.5.14",
            "resolved": "https://registry.npmjs.org/@types/jquery/-/jquery-3.5.14.tgz",
            "integrity": "sha512-X1gtMRMbziVQkErhTQmSe2jFwwENA/Zr+PprCkF63vFq+Yt5PZ4AlKqgmeNlwgn7dhsXEK888eIW2520EpC+xg==",
            "dev": true,
            "dependencies": {
                "@types/sizzle": "*"
            }
        },
        "node_modules/@types/sizzle": {
            "version": "2.3.3",
            "resolved": "https://registry.npmjs.org/@types/sizzle/-/sizzle-2.3.3.tgz",
            "integrity": "sha512-JYM8x9EGF163bEyhdJBpR2QX1R5naCJHC8ucJylJ3w9/CVBaskdQ8WqBf8MmQrd1kRvp/a4TS8HJ+bxzR7ZJYQ==",
            "dev": true
        }
    },
    "dependencies": {
        "@types/chrome": {
            "version": "0.0.243",
            "resolved": "https://registry.npmjs.org/@types/chrome/-/chrome-0.0.243.tgz",
            "integrity": "sha512-4PHv0kxxxpZFHWPBiJJ9TWH8kbx0567j1b2djnhpJjpiSGNI7UKkz7dSEECBtQ0B3N5nQTMwSB/5IopkWGAbEA==",
            "requires": {
                "@types/filesystem": "*",
                "@types/har-format": "*"
            }
        },
        "@types/filesystem": {
            "version": "0.0.32",
            "resolved": "https://registry.npmjs.org/@types/filesystem/-/filesystem-0.0.32.tgz",
            "integrity": "sha512-Yuf4jR5YYMR2DVgwuCiP11s0xuVRyPKmz8vo6HBY3CGdeMj8af93CFZX+T82+VD1+UqHOxTq31lO7MI7lepBtQ==",
            "requires": {
                "@types/filewriter": "*"
            }
        },
        "@types/filewriter": {
            "version": "0.0.29",
            "resolved": "https://registry.npmjs.org/@types/filewriter/-/filewriter-0.0.29.tgz",
            "integrity": "sha512-BsPXH/irW0ht0Ji6iw/jJaK8Lj3FJemon2gvEqHKpCdDCeemHa+rI3WBGq5z7cDMZgoLjY40oninGxqk+8NzNQ=="
        },
        "@types/har-format": {
            "version": "1.2.11",
            "resolved": "https://registry.npmjs.org/@types/har-format/-/har-format-1.2.11.tgz",
            "integrity": "sha512-T232/TneofqK30AD1LRrrf8KnjLvzrjWDp7eWST5KoiSzrBfRsLrWDPk4STQPW4NZG6v2MltnduBVmakbZOBIQ=="
        },
        "@types/jquery": {
            "version": "3.5.14",
            "resolved": "https://registry.npmjs.org/@types/jquery/-/jquery-3.5.14.tgz",
            "integrity": "sha512-X1gtMRMbziVQkErhTQmSe2jFwwENA/Zr+PprCkF63vFq+Yt5PZ4AlKqgmeNlwgn7dhsXEK888eIW2520EpC+xg==",
            "dev": true,
            "requires": {
                "@types/sizzle": "*"
            }
        },
        "@types/sizzle": {
            "version": "2.3.3",
            "resolved": "https://registry.npmjs.org/@types/sizzle/-/sizzle-2.3.3.tgz",
            "integrity": "sha512-JYM8x9EGF163bEyhdJBpR2QX1R5naCJHC8ucJylJ3w9/CVBaskdQ8WqBf8MmQrd1kRvp/a4TS8HJ+bxzR7ZJYQ==",
            "dev": true
        }
    }
}
